{
  "name": "cra-template-hipo-typescript",
  "version": "1.0.1",
  "lockfileVersion": 2,
  "requires": true,
  "packages": {
    "": {
      "name": "cra-template-hipo-typescript",
      "version": "1.0.1",
      "license": "MIT",
      "engines": {
        "node": "18.0.0",
        "npm": "8.6.0"
      }
    }
  }
}
